
Microsoft Visual Studio Solution File, Format Version 12.00
# Visual Studio 14
VisualStudioVersion = 14.0.25420.1
MinimumVisualStudioVersion = 10.0.40219.1
Project("{FAE04EC0-301F-11D3-BF4B-00C04F79EFBC}") = "StarterPokemons", "StarterPokemons\StarterPokemons\StarterPokemons.csproj", "{EF33CE30-6259-4003-A4B4-1F397AB8773F}"
EndProject
Project("{FAE04EC0-301F-11D3-BF4B-00C04F79EFBC}") = "StarterPokemons.Droid", "StarterPokemons\StarterPokemons.Droid\StarterPokemons.Droid.csproj", "{5168F455-DC6A-4AEC-A30E-4A5A4BA4CE4E}"
EndProject
Project("{FAE04EC0-301F-11D3-BF4B-00C04F79EFBC}") = "StarterPokemons.iOS", "StarterPokemons\StarterPokemons.iOS\StarterPokemons.iOS.csproj", "{353760EB-5881-48B4-8F41-1593475439CB}"
EndProject
Project("{FAE04EC0-301F-11D3-BF4B-00C04F79EFBC}") = "StarterPokemons.WinPhone", "StarterPokemons\StarterPokemons.WinPhone\StarterPokemons.WinPhone.csproj", "{D62E72E0-FA1A-48E7-B94D-F6DF72AC6605}"
EndProject
Project("{FAE04EC0-301F-11D3-BF4B-00C04F79EFBC}") = "StarterPokemons.UWP", "StarterPokemons\StarterPokemons.UWP\StarterPokemons.UWP.csproj", "{25E04862-2D15-40B9-A827-0EC5941D6221}"
EndProject
Project("{FAE04EC0-301F-11D3-BF4B-00C04F79EFBC}") = "StarterPokemons.Windows", "StarterPokemons\StarterPokemons.Windows\StarterPokemons.Windows.csproj", "{A4B32D22-D013-4A35-9F5B-6705E2D246C2}"
EndProject
Global
	GlobalSection(SolutionConfigurationPlatforms) = preSolution
		Ad-Hoc|Any CPU = Ad-Hoc|Any CPU
		Ad-Hoc|ARM = Ad-Hoc|ARM
		Ad-Hoc|iPhone = Ad-Hoc|iPhone
		Ad-Hoc|iPhoneSimulator = Ad-Hoc|iPhoneSimulator
		Ad-Hoc|x64 = Ad-Hoc|x64
		Ad-Hoc|x86 = Ad-Hoc|x86
		AppStore|Any CPU = AppStore|Any CPU
		AppStore|ARM = AppStore|ARM
		AppStore|iPhone = AppStore|iPhone
		AppStore|iPhoneSimulator = AppStore|iPhoneSimulator
		AppStore|x64 = AppStore|x64
		AppStore|x86 = AppStore|x86
		Debug|Any CPU = Debug|Any CPU
		Debug|ARM = Debug|ARM
		Debug|iPhone = Debug|iPhone
		Debug|iPhoneSimulator = Debug|iPhoneSimulator
		Debug|x64 = Debug|x64
		Debug|x86 = Debug|x86
		Release|Any CPU = Release|Any CPU
		Release|ARM = Release|ARM
		Release|iPhone = Release|iPhone
		Release|iPhoneSimulator = Release|iPhoneSimulator
		Release|x64 = Release|x64
		Release|x86 = Release|x86
	EndGlobalSection
	GlobalSection(ProjectConfigurationPlatforms) = postSolution
		{EF33CE30-6259-4003-A4B4-1F397AB8773F}.Ad-Hoc|Any CPU.ActiveCfg = Release|Any CPU
		{EF33CE30-6259-4003-A4B4-1F397AB8773F}.Ad-Hoc|Any CPU.Build.0 = Release|Any CPU
		{EF33CE30-6259-4003-A4B4-1F397AB8773F}.Ad-Hoc|ARM.ActiveCfg = Release|Any CPU
		{EF33CE30-6259-4003-A4B4-1F397AB8773F}.Ad-Hoc|ARM.Build.0 = Release|Any CPU
		{EF33CE30-6259-4003-A4B4-1F397AB8773F}.Ad-Hoc|iPhone.ActiveCfg = Release|Any CPU
		{EF33CE30-6259-4003-A4B4-1F397AB8773F}.Ad-Hoc|iPhone.Build.0 = Release|Any CPU
		{EF33CE30-6259-4003-A4B4-1F397AB8773F}.Ad-Hoc|iPhoneSimulator.ActiveCfg = Release|Any CPU
		{EF33CE30-6259-4003-A4B4-1F397AB8773F}.Ad-Hoc|iPhoneSimulator.Build.0 = Release|Any CPU
		{EF33CE30-6259-4003-A4B4-1F397AB8773F}.Ad-Hoc|x64.ActiveCfg = Release|Any CPU
		{EF33CE30-6259-4003-A4B4-1F397AB8773F}.Ad-Hoc|x64.Build.0 = Release|Any CPU
		{EF33CE30-6259-4003-A4B4-1F397AB8773F}.Ad-Hoc|x86.ActiveCfg = Release|Any CPU
		{EF33CE30-6259-4003-A4B4-1F397AB8773F}.Ad-Hoc|x86.Build.0 = Release|Any CPU
		{EF33CE30-6259-4003-A4B4-1F397AB8773F}.AppStore|Any CPU.ActiveCfg = Release|Any CPU
		{EF33CE30-6259-4003-A4B4-1F397AB8773F}.AppStore|Any CPU.Build.0 = Release|Any CPU
		{EF33CE30-6259-4003-A4B4-1F397AB8773F}.AppStore|ARM.ActiveCfg = Release|Any CPU
		{EF33CE30-6259-4003-A4B4-1F397AB8773F}.AppStore|ARM.Build.0 = Release|Any CPU
		{EF33CE30-6259-4003-A4B4-1F397AB8773F}.AppStore|iPhone.ActiveCfg = Release|Any CPU
		{EF33CE30-6259-4003-A4B4-1F397AB8773F}.AppStore|iPhone.Build.0 = Release|Any CPU
		{EF33CE30-6259-4003-A4B4-1F397AB8773F}.AppStore|iPhoneSimulator.ActiveCfg = Release|Any CPU
		{EF33CE30-6259-4003-A4B4-1F397AB8773F}.AppStore|iPhoneSimulator.Build.0 = Release|Any CPU
		{EF33CE30-6259-4003-A4B4-1F397AB8773F}.AppStore|x64.ActiveCfg = Release|Any CPU
		{EF33CE30-6259-4003-A4B4-1F397AB8773F}.AppStore|x64.Build.0 = Release|Any CPU
		{EF33CE30-6259-4003-A4B4-1F397AB8773F}.AppStore|x86.ActiveCfg = Release|Any CPU
		{EF33CE30-6259-4003-A4B4-1F397AB8773F}.AppStore|x86.Build.0 = Release|Any CPU
		{EF33CE30-6259-4003-A4B4-1F397AB8773F}.Debug|Any CPU.ActiveCfg = Debug|Any CPU
		{EF33CE30-6259-4003-A4B4-1F397AB8773F}.Debug|Any CPU.Build.0 = Debug|Any CPU
		{EF33CE30-6259-4003-A4B4-1F397AB8773F}.Debug|ARM.ActiveCfg = Debug|Any CPU
		{EF33CE30-6259-4003-A4B4-1F397AB8773F}.Debug|ARM.Build.0 = Debug|Any CPU
		{EF33CE30-6259-4003-A4B4-1F397AB8773F}.Debug|iPhone.ActiveCfg = Debug|Any CPU
		{EF33CE30-6259-4003-A4B4-1F397AB8773F}.Debug|iPhone.Build.0 = Debug|Any CPU
		{EF33CE30-6259-4003-A4B4-1F397AB8773F}.Debug|iPhoneSimulator.ActiveCfg = Debug|Any CPU
		{EF33CE30-6259-4003-A4B4-1F397AB8773F}.Debug|iPhoneSimulator.Build.0 = Debug|Any CPU
		{EF33CE30-6259-4003-A4B4-1F397AB8773F}.Debug|x64.ActiveCfg = Debug|Any CPU
		{EF33CE30-6259-4003-A4B4-1F397AB8773F}.Debug|x64.Build.0 = Debug|Any CPU
		{EF33CE30-6259-4003-A4B4-1F397AB8773F}.Debug|x86.ActiveCfg = Debug|Any CPU
		{EF33CE30-6259-4003-A4B4-1F397AB8773F}.Debug|x86.Build.0 = Debug|Any CPU
		{EF33CE30-6259-4003-A4B4-1F397AB8773F}.Release|Any CPU.ActiveCfg = Release|Any CPU
		{EF33CE30-6259-4003-A4B4-1F397AB8773F}.Release|Any CPU.Build.0 = Release|Any CPU
		{EF33CE30-6259-4003-A4B4-1F397AB8773F}.Release|ARM.ActiveCfg = Release|Any CPU
		{EF33CE30-6259-4003-A4B4-1F397AB8773F}.Release|ARM.Build.0 = Release|Any CPU
		{EF33CE30-6259-4003-A4B4-1F397AB8773F}.Release|iPhone.ActiveCfg = Release|Any CPU
		{EF33CE30-6259-4003-A4B4-1F397AB8773F}.Release|iPhone.Build.0 = Release|Any CPU
		{EF33CE30-6259-4003-A4B4-1F397AB8773F}.Release|iPhoneSimulator.ActiveCfg = Release|Any CPU
		{EF33CE30-6259-4003-A4B4-1F397AB8773F}.Release|iPhoneSimulator.Build.0 = Release|Any CPU
		{EF33CE30-6259-4003-A4B4-1F397AB8773F}.Release|x64.ActiveCfg = Release|Any CPU
		{EF33CE30-6259-4003-A4B4-1F397AB8773F}.Release|x64.Build.0 = Release|Any CPU
		{EF33CE30-6259-4003-A4B4-1F397AB8773F}.Release|x86.ActiveCfg = Release|Any CPU
		{EF33CE30-6259-4003-A4B4-1F397AB8773F}.Release|x86.Build.0 = Release|Any CPU
		{5168F455-DC6A-4AEC-A30E-4A5A4BA4CE4E}.Ad-Hoc|Any CPU.ActiveCfg = Release|Any CPU
		{5168F455-DC6A-4AEC-A30E-4A5A4BA4CE4E}.Ad-Hoc|Any CPU.Build.0 = Release|Any CPU
		{5168F455-DC6A-4AEC-A30E-4A5A4BA4CE4E}.Ad-Hoc|Any CPU.Deploy.0 = Release|Any CPU
		{5168F455-DC6A-4AEC-A30E-4A5A4BA4CE4E}.Ad-Hoc|ARM.ActiveCfg = Release|Any CPU
		{5168F455-DC6A-4AEC-A30E-4A5A4BA4CE4E}.Ad-Hoc|ARM.Build.0 = Release|Any CPU
		{5168F455-DC6A-4AEC-A30E-4A5A4BA4CE4E}.Ad-Hoc|ARM.Deploy.0 = Release|Any CPU
		{5168F455-DC6A-4AEC-A30E-4A5A4BA4CE4E}.Ad-Hoc|iPhone.ActiveCfg = Release|Any CPU
		{5168F455-DC6A-4AEC-A30E-4A5A4BA4CE4E}.Ad-Hoc|iPhone.Build.0 = Release|Any CPU
		{5168F455-DC6A-4AEC-A30E-4A5A4BA4CE4E}.Ad-Hoc|iPhone.Deploy.0 = Release|Any CPU
		{5168F455-DC6A-4AEC-A30E-4A5A4BA4CE4E}.Ad-Hoc|iPhoneSimulator.ActiveCfg = Release|Any CPU
		{5168F455-DC6A-4AEC-A30E-4A5A4BA4CE4E}.Ad-Hoc|iPhoneSimulator.Build.0 = Release|Any CPU
		{5168F455-DC6A-4AEC-A30E-4A5A4BA4CE4E}.Ad-Hoc|iPhoneSimulator.Deploy.0 = Release|Any CPU
		{5168F455-DC6A-4AEC-A30E-4A5A4BA4CE4E}.Ad-Hoc|x64.ActiveCfg = Release|Any CPU
		{5168F455-DC6A-4AEC-A30E-4A5A4BA4CE4E}.Ad-Hoc|x64.Build.0 = Release|Any CPU
		{5168F455-DC6A-4AEC-A30E-4A5A4BA4CE4E}.Ad-Hoc|x64.Deploy.0 = Release|Any CPU
		{5168F455-DC6A-4AEC-A30E-4A5A4BA4CE4E}.Ad-Hoc|x86.ActiveCfg = Release|Any CPU
		{5168F455-DC6A-4AEC-A30E-4A5A4BA4CE4E}.Ad-Hoc|x86.Build.0 = Release|Any CPU
		{5168F455-DC6A-4AEC-A30E-4A5A4BA4CE4E}.Ad-Hoc|x86.Deploy.0 = Release|Any CPU
		{5168F455-DC6A-4AEC-A30E-4A5A4BA4CE4E}.AppStore|Any CPU.ActiveCfg = Release|Any CPU
		{5168F455-DC6A-4AEC-A30E-4A5A4BA4CE4E}.AppStore|Any CPU.Build.0 = Release|Any CPU
		{5168F455-DC6A-4AEC-A30E-4A5A4BA4CE4E}.AppStore|Any CPU.Deploy.0 = Release|Any CPU
		{5168F455-DC6A-4AEC-A30E-4A5A4BA4CE4E}.AppStore|ARM.ActiveCfg = Release|Any CPU
		{5168F455-DC6A-4AEC-A30E-4A5A4BA4CE4E}.AppStore|ARM.Build.0 = Release|Any CPU
		{5168F455-DC6A-4AEC-A30E-4A5A4BA4CE4E}.AppStore|ARM.Deploy.0 = Release|Any CPU
		{5168F455-DC6A-4AEC-A30E-4A5A4BA4CE4E}.AppStore|iPhone.ActiveCfg = Release|Any CPU
		{5168F455-DC6A-4AEC-A30E-4A5A4BA4CE4E}.AppStore|iPhone.Build.0 = Release|Any CPU
		{5168F455-DC6A-4AEC-A30E-4A5A4BA4CE4E}.AppStore|iPhone.Deploy.0 = Release|Any CPU
		{5168F455-DC6A-4AEC-A30E-4A5A4BA4CE4E}.AppStore|iPhoneSimulator.ActiveCfg = Release|Any CPU
		{5168F455-DC6A-4AEC-A30E-4A5A4BA4CE4E}.AppStore|iPhoneSimulator.Build.0 = Release|Any CPU
		{5168F455-DC6A-4AEC-A30E-4A5A4BA4CE4E}.AppStore|iPhoneSimulator.Deploy.0 = Release|Any CPU
		{5168F455-DC6A-4AEC-A30E-4A5A4BA4CE4E}.AppStore|x64.ActiveCfg = Release|Any CPU
		{5168F455-DC6A-4AEC-A30E-4A5A4BA4CE4E}.AppStore|x64.Build.0 = Release|Any CPU
		{5168F455-DC6A-4AEC-A30E-4A5A4BA4CE4E}.AppStore|x64.Deploy.0 = Release|Any CPU
		{5168F455-DC6A-4AEC-A30E-4A5A4BA4CE4E}.AppStore|x86.ActiveCfg = Release|Any CPU
		{5168F455-DC6A-4AEC-A30E-4A5A4BA4CE4E}.AppStore|x86.Build.0 = Release|Any CPU
		{5168F455-DC6A-4AEC-A30E-4A5A4BA4CE4E}.AppStore|x86.Deploy.0 = Release|Any CPU
		{5168F455-DC6A-4AEC-A30E-4A5A4BA4CE4E}.Debug|Any CPU.ActiveCfg = Debug|Any CPU
		{5168F455-DC6A-4AEC-A30E-4A5A4BA4CE4E}.Debug|Any CPU.Build.0 = Debug|Any CPU
		{5168F455-DC6A-4AEC-A30E-4A5A4BA4CE4E}.Debug|Any CPU.Deploy.0 = Debug|Any CPU
		{5168F455-DC6A-4AEC-A30E-4A5A4BA4CE4E}.Debug|ARM.ActiveCfg = Debug|Any CPU
		{5168F455-DC6A-4AEC-A30E-4A5A4BA4CE4E}.Debug|ARM.Build.0 = Debug|Any CPU
		{5168F455-DC6A-4AEC-A30E-4A5A4BA4CE4E}.Debug|ARM.Deploy.0 = Debug|Any CPU
		{5168F455-DC6A-4AEC-A30E-4A5A4BA4CE4E}.Debug|iPhone.ActiveCfg = Debug|Any CPU
		{5168F455-DC6A-4AEC-A30E-4A5A4BA4CE4E}.Debug|iPhone.Build.0 = Debug|Any CPU
		{5168F455-DC6A-4AEC-A30E-4A5A4BA4CE4E}.Debug|iPhone.Deploy.0 = Debug|Any CPU
		{5168F455-DC6A-4AEC-A30E-4A5A4BA4CE4E}.Debug|iPhoneSimulator.ActiveCfg = Debug|Any CPU
		{5168F455-DC6A-4AEC-A30E-4A5A4BA4CE4E}.Debug|iPhoneSimulator.Build.0 = Debug|Any CPU
		{5168F455-DC6A-4AEC-A30E-4A5A4BA4CE4E}.Debug|iPhoneSimulator.Deploy.0 = Debug|Any CPU
		{5168F455-DC6A-4AEC-A30E-4A5A4BA4CE4E}.Debug|x64.ActiveCfg = Debug|Any CPU
		{5168F455-DC6A-4AEC-A30E-4A5A4BA4CE4E}.Debug|x64.Build.0 = Debug|Any CPU
		{5168F455-DC6A-4AEC-A30E-4A5A4BA4CE4E}.Debug|x64.Deploy.0 = Debug|Any CPU
		{5168F455-DC6A-4AEC-A30E-4A5A4BA4CE4E}.Debug|x86.ActiveCfg = Debug|Any CPU
		{5168F455-DC6A-4AEC-A30E-4A5A4BA4CE4E}.Debug|x86.Build.0 = Debug|Any CPU
		{5168F455-DC6A-4AEC-A30E-4A5A4BA4CE4E}.Debug|x86.Deploy.0 = Debug|Any CPU
		{5168F455-DC6A-4AEC-A30E-4A5A4BA4CE4E}.Release|Any CPU.ActiveCfg = Release|Any CPU
		{5168F455-DC6A-4AEC-A30E-4A5A4BA4CE4E}.Release|Any CPU.Build.0 = Release|Any CPU
		{5168F455-DC6A-4AEC-A30E-4A5A4BA4CE4E}.Release|Any CPU.Deploy.0 = Release|Any CPU
		{5168F455-DC6A-4AEC-A30E-4A5A4BA4CE4E}.Release|ARM.ActiveCfg = Release|Any CPU
		{5168F455-DC6A-4AEC-A30E-4A5A4BA4CE4E}.Release|ARM.Build.0 = Release|Any CPU
		{5168F455-DC6A-4AEC-A30E-4A5A4BA4CE4E}.Release|ARM.Deploy.0 = Release|Any CPU
		{5168F455-DC6A-4AEC-A30E-4A5A4BA4CE4E}.Release|iPhone.ActiveCfg = Release|Any CPU
		{5168F455-DC6A-4AEC-A30E-4A5A4BA4CE4E}.Release|iPhone.Build.0 = Release|Any CPU
		{5168F455-DC6A-4AEC-A30E-4A5A4BA4CE4E}.Release|iPhone.Deploy.0 = Release|Any CPU
		{5168F455-DC6A-4AEC-A30E-4A5A4BA4CE4E}.Release|iPhoneSimulator.ActiveCfg = Release|Any CPU
		{5168F455-DC6A-4AEC-A30E-4A5A4BA4CE4E}.Release|iPhoneSimulator.Build.0 = Release|Any CPU
		{5168F455-DC6A-4AEC-A30E-4A5A4BA4CE4E}.Release|iPhoneSimulator.Deploy.0 = Release|Any CPU
		{5168F455-DC6A-4AEC-A30E-4A5A4BA4CE4E}.Release|x64.ActiveCfg = Release|Any CPU
		{5168F455-DC6A-4AEC-A30E-4A5A4BA4CE4E}.Release|x64.Build.0 = Release|Any CPU
		{5168F455-DC6A-4AEC-A30E-4A5A4BA4CE4E}.Release|x64.Deploy.0 = Release|Any CPU
		{5168F455-DC6A-4AEC-A30E-4A5A4BA4CE4E}.Release|x86.ActiveCfg = Release|Any CPU
		{5168F455-DC6A-4AEC-A30E-4A5A4BA4CE4E}.Release|x86.Build.0 = Release|Any CPU
		{5168F455-DC6A-4AEC-A30E-4A5A4BA4CE4E}.Release|x86.Deploy.0 = Release|Any CPU
		{353760EB-5881-48B4-8F41-1593475439CB}.Ad-Hoc|Any CPU.ActiveCfg = Ad-Hoc|iPhone
		{353760EB-5881-48B4-8F41-1593475439CB}.Ad-Hoc|ARM.ActiveCfg = Ad-Hoc|iPhone
		{353760EB-5881-48B4-8F41-1593475439CB}.Ad-Hoc|iPhone.ActiveCfg = Ad-Hoc|iPhone
		{353760EB-5881-48B4-8F41-1593475439CB}.Ad-Hoc|iPhone.Build.0 = Ad-Hoc|iPhone
		{353760EB-5881-48B4-8F41-1593475439CB}.Ad-Hoc|iPhoneSimulator.ActiveCfg = Ad-Hoc|iPhoneSimulator
		{353760EB-5881-48B4-8F41-1593475439CB}.Ad-Hoc|iPhoneSimulator.Build.0 = Ad-Hoc|iPhoneSimulator
		{353760EB-5881-48B4-8F41-1593475439CB}.Ad-Hoc|x64.ActiveCfg = Ad-Hoc|iPhone
		{353760EB-5881-48B4-8F41-1593475439CB}.Ad-Hoc|x86.ActiveCfg = Ad-Hoc|iPhone
		{353760EB-5881-48B4-8F41-1593475439CB}.AppStore|Any CPU.ActiveCfg = AppStore|iPhone
		{353760EB-5881-48B4-8F41-1593475439CB}.AppStore|ARM.ActiveCfg = AppStore|iPhone
		{353760EB-5881-48B4-8F41-1593475439CB}.AppStore|iPhone.ActiveCfg = AppStore|iPhone
		{353760EB-5881-48B4-8F41-1593475439CB}.AppStore|iPhone.Build.0 = AppStore|iPhone
		{353760EB-5881-48B4-8F41-1593475439CB}.AppStore|iPhoneSimulator.ActiveCfg = AppStore|iPhoneSimulator
		{353760EB-5881-48B4-8F41-1593475439CB}.AppStore|iPhoneSimulator.Build.0 = AppStore|iPhoneSimulator
		{353760EB-5881-48B4-8F41-1593475439CB}.AppStore|x64.ActiveCfg = AppStore|iPhone
		{353760EB-5881-48B4-8F41-1593475439CB}.AppStore|x86.ActiveCfg = AppStore|iPhone
		{353760EB-5881-48B4-8F41-1593475439CB}.Debug|Any CPU.ActiveCfg = Debug|iPhone
		{353760EB-5881-48B4-8F41-1593475439CB}.Debug|ARM.ActiveCfg = Debug|iPhone
		{353760EB-5881-48B4-8F41-1593475439CB}.Debug|iPhone.ActiveCfg = Debug|iPhone
		{353760EB-5881-48B4-8F41-1593475439CB}.Debug|iPhone.Build.0 = Debug|iPhone
		{353760EB-5881-48B4-8F41-1593475439CB}.Debug|iPhoneSimulator.ActiveCfg = Debug|iPhoneSimulator
		{353760EB-5881-48B4-8F41-1593475439CB}.Debug|iPhoneSimulator.Build.0 = Debug|iPhoneSimulator
		{353760EB-5881-48B4-8F41-1593475439CB}.Debug|x64.ActiveCfg = Debug|iPhone
		{353760EB-5881-48B4-8F41-1593475439CB}.Debug|x86.ActiveCfg = Debug|iPhone
		{353760EB-5881-48B4-8F41-1593475439CB}.Release|Any CPU.ActiveCfg = Release|iPhone
		{353760EB-5881-48B4-8F41-1593475439CB}.Release|ARM.ActiveCfg = Release|iPhone
		{353760EB-5881-48B4-8F41-1593475439CB}.Release|iPhone.ActiveCfg = Release|iPhone
		{353760EB-5881-48B4-8F41-1593475439CB}.Release|iPhone.Build.0 = Release|iPhone
		{353760EB-5881-48B4-8F41-1593475439CB}.Release|iPhoneSimulator.ActiveCfg = Release|iPhoneSimulator
		{353760EB-5881-48B4-8F41-1593475439CB}.Release|iPhoneSimulator.Build.0 = Release|iPhoneSimulator
		{353760EB-5881-48B4-8F41-1593475439CB}.Release|x64.ActiveCfg = Release|iPhone
		{353760EB-5881-48B4-8F41-1593475439CB}.Release|x86.ActiveCfg = Release|iPhone
		{D62E72E0-FA1A-48E7-B94D-F6DF72AC6605}.Ad-Hoc|Any CPU.ActiveCfg = Release|Any CPU
		{D62E72E0-FA1A-48E7-B94D-F6DF72AC6605}.Ad-Hoc|Any CPU.Build.0 = Release|Any CPU
		{D62E72E0-FA1A-48E7-B94D-F6DF72AC6605}.Ad-Hoc|Any CPU.Deploy.0 = Release|Any CPU
		{D62E72E0-FA1A-48E7-B94D-F6DF72AC6605}.Ad-Hoc|ARM.ActiveCfg = Release|ARM
		{D62E72E0-FA1A-48E7-B94D-F6DF72AC6605}.Ad-Hoc|ARM.Build.0 = Release|ARM
		{D62E72E0-FA1A-48E7-B94D-F6DF72AC6605}.Ad-Hoc|ARM.Deploy.0 = Release|ARM
		{D62E72E0-FA1A-48E7-B94D-F6DF72AC6605}.Ad-Hoc|iPhone.ActiveCfg = Release|Any CPU
		{D62E72E0-FA1A-48E7-B94D-F6DF72AC6605}.Ad-Hoc|iPhone.Build.0 = Release|Any CPU
		{D62E72E0-FA1A-48E7-B94D-F6DF72AC6605}.Ad-Hoc|iPhone.Deploy.0 = Release|Any CPU
		{D62E72E0-FA1A-48E7-B94D-F6DF72AC6605}.Ad-Hoc|iPhoneSimulator.ActiveCfg = Release|Any CPU
		{D62E72E0-FA1A-48E7-B94D-F6DF72AC6605}.Ad-Hoc|iPhoneSimulator.Build.0 = Release|Any CPU
		{D62E72E0-FA1A-48E7-B94D-F6DF72AC6605}.Ad-Hoc|iPhoneSimulator.Deploy.0 = Release|Any CPU
		{D62E72E0-FA1A-48E7-B94D-F6DF72AC6605}.Ad-Hoc|x64.ActiveCfg = Release|Any CPU
		{D62E72E0-FA1A-48E7-B94D-F6DF72AC6605}.Ad-Hoc|x64.Build.0 = Release|Any CPU
		{D62E72E0-FA1A-48E7-B94D-F6DF72AC6605}.Ad-Hoc|x64.Deploy.0 = Release|Any CPU
		{D62E72E0-FA1A-48E7-B94D-F6DF72AC6605}.Ad-Hoc|x86.ActiveCfg = Release|x86
		{D62E72E0-FA1A-48E7-B94D-F6DF72AC6605}.Ad-Hoc|x86.Build.0 = Release|x86
		{D62E72E0-FA1A-48E7-B94D-F6DF72AC6605}.Ad-Hoc|x86.Deploy.0 = Release|x86
		{D62E72E0-FA1A-48E7-B94D-F6DF72AC6605}.AppStore|Any CPU.ActiveCfg = Release|Any CPU
		{D62E72E0-FA1A-48E7-B94D-F6DF72AC6605}.AppStore|Any CPU.Build.0 = Release|Any CPU
		{D62E72E0-FA1A-48E7-B94D-F6DF72AC6605}.AppStore|Any CPU.Deploy.0 = Release|Any CPU
		{D62E72E0-FA1A-48E7-B94D-F6DF72AC6605}.AppStore|ARM.ActiveCfg = Release|ARM
		{D62E72E0-FA1A-48E7-B94D-F6DF72AC6605}.AppStore|ARM.Build.0 = Release|ARM
		{D62E72E0-FA1A-48E7-B94D-F6DF72AC6605}.AppStore|ARM.Deploy.0 = Release|ARM
		{D62E72E0-FA1A-48E7-B94D-F6DF72AC6605}.AppStore|iPhone.ActiveCfg = Release|Any CPU
		{D62E72E0-FA1A-48E7-B94D-F6DF72AC6605}.AppStore|iPhone.Build.0 = Release|Any CPU
		{D62E72E0-FA1A-48E7-B94D-F6DF72AC6605}.AppStore|iPhone.Deploy.0 = Release|Any CPU
		{D62E72E0-FA1A-48E7-B94D-F6DF72AC6605}.AppStore|iPhoneSimulator.ActiveCfg = Release|Any CPU
		{D62E72E0-FA1A-48E7-B94D-F6DF72AC6605}.AppStore|iPhoneSimulator.Build.0 = Release|Any CPU
		{D62E72E0-FA1A-48E7-B94D-F6DF72AC6605}.AppStore|iPhoneSimulator.Deploy.0 = Release|Any CPU
		{D62E72E0-FA1A-48E7-B94D-F6DF72AC6605}.AppStore|x64.ActiveCfg = Release|Any CPU
		{D62E72E0-FA1A-48E7-B94D-F6DF72AC6605}.AppStore|x64.Build.0 = Release|Any CPU
		{D62E72E0-FA1A-48E7-B94D-F6DF72AC6605}.AppStore|x64.Deploy.0 = Release|Any CPU
		{D62E72E0-FA1A-48E7-B94D-F6DF72AC6605}.AppStore|x86.ActiveCfg = Release|x86
		{D62E72E0-FA1A-48E7-B94D-F6DF72AC6605}.AppStore|x86.Build.0 = Release|x86
		{D62E72E0-FA1A-48E7-B94D-F6DF72AC6605}.AppStore|x86.Deploy.0 = Release|x86
		{D62E72E0-FA1A-48E7-B94D-F6DF72AC6605}.Debug|Any CPU.ActiveCfg = Debug|Any CPU
		{D62E72E0-FA1A-48E7-B94D-F6DF72AC6605}.Debug|Any CPU.Build.0 = Debug|Any CPU
		{D62E72E0-FA1A-48E7-B94D-F6DF72AC6605}.Debug|Any CPU.Deploy.0 = Debug|Any CPU
		{D62E72E0-FA1A-48E7-B94D-F6DF72AC6605}.Debug|ARM.ActiveCfg = Debug|ARM
		{D62E72E0-FA1A-48E7-B94D-F6DF72AC6605}.Debug|ARM.Build.0 = Debug|ARM
		{D62E72E0-FA1A-48E7-B94D-F6DF72AC6605}.Debug|ARM.Deploy.0 = Debug|ARM
		{D62E72E0-FA1A-48E7-B94D-F6DF72AC6605}.Debug|iPhone.ActiveCfg = Debug|Any CPU
		{D62E72E0-FA1A-48E7-B94D-F6DF72AC6605}.Debug|iPhone.Build.0 = Debug|Any CPU
		{D62E72E0-FA1A-48E7-B94D-F6DF72AC6605}.Debug|iPhone.Deploy.0 = Debug|Any CPU
		{D62E72E0-FA1A-48E7-B94D-F6DF72AC6605}.Debug|iPhoneSimulator.ActiveCfg = Debug|Any CPU
		{D62E72E0-FA1A-48E7-B94D-F6DF72AC6605}.Debug|iPhoneSimulator.Build.0 = Debug|Any CPU
		{D62E72E0-FA1A-48E7-B94D-F6DF72AC6605}.Debug|iPhoneSimulator.Deploy.0 = Debug|Any CPU
		{D62E72E0-FA1A-48E7-B94D-F6DF72AC6605}.Debug|x64.ActiveCfg = Debug|Any CPU
		{D62E72E0-FA1A-48E7-B94D-F6DF72AC6605}.Debug|x64.Build.0 = Debug|Any CPU
		{D62E72E0-FA1A-48E7-B94D-F6DF72AC6605}.Debug|x64.Deploy.0 = Debug|Any CPU
		{D62E72E0-FA1A-48E7-B94D-F6DF72AC6605}.Debug|x86.ActiveCfg = Debug|x86
		{D62E72E0-FA1A-48E7-B94D-F6DF72AC6605}.Debug|x86.Build.0 = Debug|x86
		{D62E72E0-FA1A-48E7-B94D-F6DF72AC6605}.Debug|x86.Deploy.0 = Debug|x86
		{D62E72E0-FA1A-48E7-B94D-F6DF72AC6605}.Release|Any CPU.ActiveCfg = Release|Any CPU
		{D62E72E0-FA1A-48E7-B94D-F6DF72AC6605}.Release|Any CPU.Build.0 = Release|Any CPU
		{D62E72E0-FA1A-48E7-B94D-F6DF72AC6605}.Release|Any CPU.Deploy.0 = Release|Any CPU
		{D62E72E0-FA1A-48E7-B94D-F6DF72AC6605}.Release|ARM.ActiveCfg = Release|ARM
		{D62E72E0-FA1A-48E7-B94D-F6DF72AC6605}.Release|ARM.Build.0 = Release|ARM
		{D62E72E0-FA1A-48E7-B94D-F6DF72AC6605}.Release|ARM.Deploy.0 = Release|ARM
		{D62E72E0-FA1A-48E7-B94D-F6DF72AC6605}.Release|iPhone.ActiveCfg = Release|Any CPU
		{D62E72E0-FA1A-48E7-B94D-F6DF72AC6605}.Release|iPhone.Build.0 = Release|Any CPU
		{D62E72E0-FA1A-48E7-B94D-F6DF72AC6605}.Release|iPhone.Deploy.0 = Release|Any CPU
		{D62E72E0-FA1A-48E7-B94D-F6DF72AC6605}.Release|iPhoneSimulator.ActiveCfg = Release|Any CPU
		{D62E72E0-FA1A-48E7-B94D-F6DF72AC6605}.Release|iPhoneSimulator.Build.0 = Release|Any CPU
		{D62E72E0-FA1A-48E7-B94D-F6DF72AC6605}.Release|iPhoneSimulator.Deploy.0 = Release|Any CPU
		{D62E72E0-FA1A-48E7-B94D-F6DF72AC6605}.Release|x64.ActiveCfg = Release|Any CPU
		{D62E72E0-FA1A-48E7-B94D-F6DF72AC6605}.Release|x64.Build.0 = Release|Any CPU
		{D62E72E0-FA1A-48E7-B94D-F6DF72AC6605}.Release|x64.Deploy.0 = Release|Any CPU
		{D62E72E0-FA1A-48E7-B94D-F6DF72AC6605}.Release|x86.ActiveCfg = Release|x86
		{D62E72E0-FA1A-48E7-B94D-F6DF72AC6605}.Release|x86.Build.0 = Release|x86
		{D62E72E0-FA1A-48E7-B94D-F6DF72AC6605}.Release|x86.Deploy.0 = Release|x86
		{25E04862-2D15-40B9-A827-0EC5941D6221}.Ad-Hoc|Any CPU.ActiveCfg = Release|x86
		{25E04862-2D15-40B9-A827-0EC5941D6221}.Ad-Hoc|Any CPU.Build.0 = Release|x86
		{25E04862-2D15-40B9-A827-0EC5941D6221}.Ad-Hoc|Any CPU.Deploy.0 = Release|x86
		{25E04862-2D15-40B9-A827-0EC5941D6221}.Ad-Hoc|ARM.ActiveCfg = Release|ARM
		{25E04862-2D15-40B9-A827-0EC5941D6221}.Ad-Hoc|ARM.Build.0 = Release|ARM
		{25E04862-2D15-40B9-A827-0EC5941D6221}.Ad-Hoc|ARM.Deploy.0 = Release|ARM
		{25E04862-2D15-40B9-A827-0EC5941D6221}.Ad-Hoc|iPhone.ActiveCfg = Release|x86
		{25E04862-2D15-40B9-A827-0EC5941D6221}.Ad-Hoc|iPhone.Build.0 = Release|x86
		{25E04862-2D15-40B9-A827-0EC5941D6221}.Ad-Hoc|iPhone.Deploy.0 = Release|x86
		{25E04862-2D15-40B9-A827-0EC5941D6221}.Ad-Hoc|iPhoneSimulator.ActiveCfg = Release|x86
		{25E04862-2D15-40B9-A827-0EC5941D6221}.Ad-Hoc|iPhoneSimulator.Build.0 = Release|x86
		{25E04862-2D15-40B9-A827-0EC5941D6221}.Ad-Hoc|iPhoneSimulator.Deploy.0 = Release|x86
		{25E04862-2D15-40B9-A827-0EC5941D6221}.Ad-Hoc|x64.ActiveCfg = Release|x64
		{25E04862-2D15-40B9-A827-0EC5941D6221}.Ad-Hoc|x64.Build.0 = Release|x64
		{25E04862-2D15-40B9-A827-0EC5941D6221}.Ad-Hoc|x64.Deploy.0 = Release|x64
		{25E04862-2D15-40B9-A827-0EC5941D6221}.Ad-Hoc|x86.ActiveCfg = Release|x86
		{25E04862-2D15-40B9-A827-0EC5941D6221}.Ad-Hoc|x86.Build.0 = Release|x86
		{25E04862-2D15-40B9-A827-0EC5941D6221}.Ad-Hoc|x86.Deploy.0 = Release|x86
		{25E04862-2D15-40B9-A827-0EC5941D6221}.AppStore|Any CPU.ActiveCfg = Release|x86
		{25E04862-2D15-40B9-A827-0EC5941D6221}.AppStore|Any CPU.Build.0 = Release|x86
		{25E04862-2D15-40B9-A827-0EC5941D6221}.AppStore|Any CPU.Deploy.0 = Release|x86
		{25E04862-2D15-40B9-A827-0EC5941D6221}.AppStore|ARM.ActiveCfg = Release|ARM
		{25E04862-2D15-40B9-A827-0EC5941D6221}.AppStore|ARM.Build.0 = Release|ARM
		{25E04862-2D15-40B9-A827-0EC5941D6221}.AppStore|ARM.Deploy.0 = Release|ARM
		{25E04862-2D15-40B9-A827-0EC5941D6221}.AppStore|iPhone.ActiveCfg = Release|x86
		{25E04862-2D15-40B9-A827-0EC5941D6221}.AppStore|iPhone.Build.0 = Release|x86
		{25E04862-2D15-40B9-A827-0EC5941D6221}.AppStore|iPhone.Deploy.0 = Release|x86
		{25E04862-2D15-40B9-A827-0EC5941D6221}.AppStore|iPhoneSimulator.ActiveCfg = Release|x86
		{25E04862-2D15-40B9-A827-0EC5941D6221}.AppStore|iPhoneSimulator.Build.0 = Release|x86
		{25E04862-2D15-40B9-A827-0EC5941D6221}.AppStore|iPhoneSimulator.Deploy.0 = Release|x86
		{25E04862-2D15-40B9-A827-0EC5941D6221}.AppStore|x64.ActiveCfg = Release|x64
		{25E04862-2D15-40B9-A827-0EC5941D6221}.AppStore|x64.Build.0 = Release|x64
		{25E04862-2D15-40B9-A827-0EC5941D6221}.AppStore|x64.Deploy.0 = Release|x64
		{25E04862-2D15-40B9-A827-0EC5941D6221}.AppStore|x86.ActiveCfg = Release|x86
		{25E04862-2D15-40B9-A827-0EC5941D6221}.AppStore|x86.Build.0 = Release|x86
		{25E04862-2D15-40B9-A827-0EC5941D6221}.AppStore|x86.Deploy.0 = Release|x86
		{25E04862-2D15-40B9-A827-0EC5941D6221}.Debug|Any CPU.ActiveCfg = Debug|x86
		{25E04862-2D15-40B9-A827-0EC5941D6221}.Debug|ARM.ActiveCfg = Debug|ARM
		{25E04862-2D15-40B9-A827-0EC5941D6221}.Debug|ARM.Build.0 = Debug|ARM
		{25E04862-2D15-40B9-A827-0EC5941D6221}.Debug|ARM.Deploy.0 = Debug|ARM
		{25E04862-2D15-40B9-A827-0EC5941D6221}.Debug|iPhone.ActiveCfg = Debug|x86
		{25E04862-2D15-40B9-A827-0EC5941D6221}.Debug|iPhoneSimulator.ActiveCfg = Debug|x86
		{25E04862-2D15-40B9-A827-0EC5941D6221}.Debug|x64.ActiveCfg = Debug|x64
		{25E04862-2D15-40B9-A827-0EC5941D6221}.Debug|x64.Build.0 = Debug|x64
		{25E04862-2D15-40B9-A827-0EC5941D6221}.Debug|x64.Deploy.0 = Debug|x64
		{25E04862-2D15-40B9-A827-0EC5941D6221}.Debug|x86.ActiveCfg = Debug|x86
		{25E04862-2D15-40B9-A827-0EC5941D6221}.Debug|x86.Build.0 = Debug|x86
		{25E04862-2D15-40B9-A827-0EC5941D6221}.Debug|x86.Deploy.0 = Debug|x86
		{25E04862-2D15-40B9-A827-0EC5941D6221}.Release|Any CPU.ActiveCfg = Release|x86
		{25E04862-2D15-40B9-A827-0EC5941D6221}.Release|ARM.ActiveCfg = Release|ARM
		{25E04862-2D15-40B9-A827-0EC5941D6221}.Release|ARM.Build.0 = Release|ARM
		{25E04862-2D15-40B9-A827-0EC5941D6221}.Release|ARM.Deploy.0 = Release|ARM
		{25E04862-2D15-40B9-A827-0EC5941D6221}.Release|iPhone.ActiveCfg = Release|x86
		{25E04862-2D15-40B9-A827-0EC5941D6221}.Release|iPhoneSimulator.ActiveCfg = Release|x86
		{25E04862-2D15-40B9-A827-0EC5941D6221}.Release|x64.ActiveCfg = Release|x64
		{25E04862-2D15-40B9-A827-0EC5941D6221}.Release|x64.Build.0 = Release|x64
		{25E04862-2D15-40B9-A827-0EC5941D6221}.Release|x64.Deploy.0 = Release|x64
		{25E04862-2D15-40B9-A827-0EC5941D6221}.Release|x86.ActiveCfg = Release|x86
		{25E04862-2D15-40B9-A827-0EC5941D6221}.Release|x86.Build.0 = Release|x86
		{25E04862-2D15-40B9-A827-0EC5941D6221}.Release|x86.Deploy.0 = Release|x86
		{A4B32D22-D013-4A35-9F5B-6705E2D246C2}.Ad-Hoc|Any CPU.ActiveCfg = Release|Any CPU
		{A4B32D22-D013-4A35-9F5B-6705E2D246C2}.Ad-Hoc|Any CPU.Build.0 = Release|Any CPU
		{A4B32D22-D013-4A35-9F5B-6705E2D246C2}.Ad-Hoc|Any CPU.Deploy.0 = Release|Any CPU
		{A4B32D22-D013-4A35-9F5B-6705E2D246C2}.Ad-Hoc|ARM.ActiveCfg = Release|ARM
		{A4B32D22-D013-4A35-9F5B-6705E2D246C2}.Ad-Hoc|ARM.Build.0 = Release|ARM
		{A4B32D22-D013-4A35-9F5B-6705E2D246C2}.Ad-Hoc|ARM.Deploy.0 = Release|ARM
		{A4B32D22-D013-4A35-9F5B-6705E2D246C2}.Ad-Hoc|iPhone.ActiveCfg = Release|Any CPU
		{A4B32D22-D013-4A35-9F5B-6705E2D246C2}.Ad-Hoc|iPhone.Build.0 = Release|Any CPU
		{A4B32D22-D013-4A35-9F5B-6705E2D246C2}.Ad-Hoc|iPhone.Deploy.0 = Release|Any CPU
		{A4B32D22-D013-4A35-9F5B-6705E2D246C2}.Ad-Hoc|iPhoneSimulator.ActiveCfg = Release|Any CPU
		{A4B32D22-D013-4A35-9F5B-6705E2D246C2}.Ad-Hoc|iPhoneSimulator.Build.0 = Release|Any CPU
		{A4B32D22-D013-4A35-9F5B-6705E2D246C2}.Ad-Hoc|iPhoneSimulator.Deploy.0 = Release|Any CPU
		{A4B32D22-D013-4A35-9F5B-6705E2D246C2}.Ad-Hoc|x64.ActiveCfg = Release|x64
		{A4B32D22-D013-4A35-9F5B-6705E2D246C2}.Ad-Hoc|x64.Build.0 = Release|x64
		{A4B32D22-D013-4A35-9F5B-6705E2D246C2}.Ad-Hoc|x64.Deploy.0 = Release|x64
		{A4B32D22-D013-4A35-9F5B-6705E2D246C2}.Ad-Hoc|x86.ActiveCfg = Release|x86
		{A4B32D22-D013-4A35-9F5B-6705E2D246C2}.Ad-Hoc|x86.Build.0 = Release|x86
		{A4B32D22-D013-4A35-9F5B-6705E2D246C2}.Ad-Hoc|x86.Deploy.0 = Release|x86
		{A4B32D22-D013-4A35-9F5B-6705E2D246C2}.AppStore|Any CPU.ActiveCfg = Release|Any CPU
		{A4B32D22-D013-4A35-9F5B-6705E2D246C2}.AppStore|Any CPU.Build.0 = Release|Any CPU
		{A4B32D22-D013-4A35-9F5B-6705E2D246C2}.AppStore|Any CPU.Deploy.0 = Release|Any CPU
		{A4B32D22-D013-4A35-9F5B-6705E2D246C2}.AppStore|ARM.ActiveCfg = Release|ARM
		{A4B32D22-D013-4A35-9F5B-6705E2D246C2}.AppStore|ARM.Build.0 = Release|ARM
		{A4B32D22-D013-4A35-9F5B-6705E2D246C2}.AppStore|ARM.Deploy.0 = Release|ARM
		{A4B32D22-D013-4A35-9F5B-6705E2D246C2}.AppStore|iPhone.ActiveCfg = Release|Any CPU
		{A4B32D22-D013-4A35-9F5B-6705E2D246C2}.AppStore|iPhone.Build.0 = Release|Any CPU
		{A4B32D22-D013-4A35-9F5B-6705E2D246C2}.AppStore|iPhone.Deploy.0 = Release|Any CPU
		{A4B32D22-D013-4A35-9F5B-6705E2D246C2}.AppStore|iPhoneSimulator.ActiveCfg = Release|Any CPU
		{A4B32D22-D013-4A35-9F5B-6705E2D246C2}.AppStore|iPhoneSimulator.Build.0 = Release|Any CPU
		{A4B32D22-D013-4A35-9F5B-6705E2D246C2}.AppStore|iPhoneSimulator.Deploy.0 = Release|Any CPU
		{A4B32D22-D013-4A35-9F5B-6705E2D246C2}.AppStore|x64.ActiveCfg = Release|x64
		{A4B32D22-D013-4A35-9F5B-6705E2D246C2}.AppStore|x64.Build.0 = Release|x64
		{A4B32D22-D013-4A35-9F5B-6705E2D246C2}.AppStore|x64.Deploy.0 = Release|x64
		{A4B32D22-D013-4A35-9F5B-6705E2D246C2}.AppStore|x86.ActiveCfg = Release|x86
		{A4B32D22-D013-4A35-9F5B-6705E2D246C2}.AppStore|x86.Build.0 = Release|x86
		{A4B32D22-D013-4A35-9F5B-6705E2D246C2}.AppStore|x86.Deploy.0 = Release|x86
		{A4B32D22-D013-4A35-9F5B-6705E2D246C2}.Debug|Any CPU.ActiveCfg = Debug|Any CPU
		{A4B32D22-D013-4A35-9F5B-6705E2D246C2}.Debug|Any CPU.Build.0 = Debug|Any CPU
		{A4B32D22-D013-4A35-9F5B-6705E2D246C2}.Debug|Any CPU.Deploy.0 = Debug|Any CPU
		{A4B32D22-D013-4A35-9F5B-6705E2D246C2}.Debug|ARM.ActiveCfg = Debug|ARM
		{A4B32D22-D013-4A35-9F5B-6705E2D246C2}.Debug|ARM.Build.0 = Debug|ARM
		{A4B32D22-D013-4A35-9F5B-6705E2D246C2}.Debug|ARM.Deploy.0 = Debug|ARM
		{A4B32D22-D013-4A35-9F5B-6705E2D246C2}.Debug|iPhone.ActiveCfg = Debug|Any CPU
		{A4B32D22-D013-4A35-9F5B-6705E2D246C2}.Debug|iPhone.Build.0 = Debug|Any CPU
		{A4B32D22-D013-4A35-9F5B-6705E2D246C2}.Debug|iPhone.Deploy.0 = Debug|Any CPU
		{A4B32D22-D013-4A35-9F5B-6705E2D246C2}.Debug|iPhoneSimulator.ActiveCfg = Debug|Any CPU
		{A4B32D22-D013-4A35-9F5B-6705E2D246C2}.Debug|iPhoneSimulator.Build.0 = Debug|Any CPU
		{A4B32D22-D013-4A35-9F5B-6705E2D246C2}.Debug|iPhoneSimulator.Deploy.0 = Debug|Any CPU
		{A4B32D22-D013-4A35-9F5B-6705E2D246C2}.Debug|x64.ActiveCfg = Debug|x64
		{A4B32D22-D013-4A35-9F5B-6705E2D246C2}.Debug|x64.Build.0 = Debug|x64
		{A4B32D22-D013-4A35-9F5B-6705E2D246C2}.Debug|x64.Deploy.0 = Debug|x64
		{A4B32D22-D013-4A35-9F5B-6705E2D246C2}.Debug|x86.ActiveCfg = Debug|x86
		{A4B32D22-D013-4A35-9F5B-6705E2D246C2}.Debug|x86.Build.0 = Debug|x86
		{A4B32D22-D013-4A35-9F5B-6705E2D246C2}.Debug|x86.Deploy.0 = Debug|x86
		{A4B32D22-D013-4A35-9F5B-6705E2D246C2}.Release|Any CPU.ActiveCfg = Release|Any CPU
		{A4B32D22-D013-4A35-9F5B-6705E2D246C2}.Release|Any CPU.Build.0 = Release|Any CPU
		{A4B32D22-D013-4A35-9F5B-6705E2D246C2}.Release|Any CPU.Deploy.0 = Release|Any CPU
		{A4B32D22-D013-4A35-9F5B-6705E2D246C2}.Release|ARM.ActiveCfg = Release|ARM
		{A4B32D22-D013-4A35-9F5B-6705E2D246C2}.Release|ARM.Build.0 = Release|ARM
		{A4B32D22-D013-4A35-9F5B-6705E2D246C2}.Release|ARM.Deploy.0 = Release|ARM
		{A4B32D22-D013-4A35-9F5B-6705E2D246C2}.Release|iPhone.ActiveCfg = Release|Any CPU
		{A4B32D22-D013-4A35-9F5B-6705E2D246C2}.Release|iPhone.Build.0 = Release|Any CPU
		{A4B32D22-D013-4A35-9F5B-6705E2D246C2}.Release|iPhone.Deploy.0 = Release|Any CPU
		{A4B32D22-D013-4A35-9F5B-6705E2D246C2}.Release|iPhoneSimulator.ActiveCfg = Release|Any CPU
		{A4B32D22-D013-4A35-9F5B-6705E2D246C2}.Release|iPhoneSimulator.Build.0 = Release|Any CPU
		{A4B32D22-D013-4A35-9F5B-6705E2D246C2}.Release|iPhoneSimulator.Deploy.0 = Release|Any CPU
		{A4B32D22-D013-4A35-9F5B-6705E2D246C2}.Release|x64.ActiveCfg = Release|x64
		{A4B32D22-D013-4A35-9F5B-6705E2D246C2}.Release|x64.Build.0 = Release|x64
		{A4B32D22-D013-4A35-9F5B-6705E2D246C2}.Release|x64.Deploy.0 = Release|x64
		{A4B32D22-D013-4A35-9F5B-6705E2D246C2}.Release|x86.ActiveCfg = Release|x86
		{A4B32D22-D013-4A35-9F5B-6705E2D246C2}.Release|x86.Build.0 = Release|x86
		{A4B32D22-D013-4A35-9F5B-6705E2D246C2}.Release|x86.Deploy.0 = Release|x86
	EndGlobalSection
	GlobalSection(SolutionProperties) = preSolution
		HideSolutionNode = FALSE
	EndGlobalSection
EndGlobal
